// !$*UTF8*$!
{
	archiveVersion = 1;
	classes = {
	};
	objectVersion = 46;
	objects = {

/* Begin PBXBuildFile section */
		354743EC1A80F03400DFA700 /* main.m in Sources */ = {isa = PBXBuildFile; fileRef = 354743EB1A80F03400DFA700 /* main.m */; };
		354743EF1A80F03400DFA700 /* AppDelegate.m in Sources */ = {isa = PBXBuildFile; fileRef = 354743EE1A80F03400DFA700 /* AppDelegate.m */; };
		354743F21A80F03400DFA700 /* ViewController.m in Sources */ = {isa = PBXBuildFile; fileRef = 354743F11A80F03400DFA700 /* ViewController.m */; };
		354743F51A80F03400DFA700 /* Main.storyboard in Resources */ = {isa = PBXBuildFile; fileRef = 354743F31A80F03400DFA700 /* Main.storyboard */; };
		354743F71A80F03400DFA700 /* Images.xcassets in Resources */ = {isa = PBXBuildFile; fileRef = 354743F61A80F03400DFA700 /* Images.xcassets */; };
		354743FA1A80F03400DFA700 /* LaunchScreen.xib in Resources */ = {isa = PBXBuildFile; fileRef = 354743F81A80F03400DFA700 /* LaunchScreen.xib */; };
		354744061A80F03400DFA700 /* LxLabelDemoTests.m in Sources */ = {isa = PBXBuildFile; fileRef = 354744051A80F03400DFA700 /* LxLabelDemoTests.m */; };
		35705E2A1A81D68C00C2C35E /* LxLabel.m in Sources */ = {isa = PBXBuildFile; fileRef = 35705E291A81D68C00C2C35E /* LxLabel.m */; };
/* End PBXBuildFile section */

/* Begin PBXContainerItemProxy section */
		354744001A80F03400DFA700 /* PBXContainerItemProxy */ = {
			isa = PBXContainerItemProxy;
			containerPortal = 354743DE1A80F03400DFA700 /* Project object */;
			proxyType = 1;
			remoteGlobalIDString = 354743E51A80F03400DFA700;
			remoteInfo = LxLabelDemo;
		};
/* End PBXContainerItemProxy section */

/* Begin PBXFileReference section */
		354743E61A80F03400DFA700 /* LxLabelDemo.app */ = {isa = PBXFileReference; explicitFileType = wrapper.application; includeInIndex = 0; path = LxLabelDemo.app; sourceTree = BUILT_PRODUCTS_DIR; };
		354743EA1A80F03400DFA700 /* Info.plist */ = {isa = PBXFileReference; lastKnownFileType = text.plist.xml; path = Info.plist; sourceTree = "<group>"; };
		354743EB1A80F03400DFA700 /* main.m */ = {isa = PBXFileReference; lastKnownFileType = sourcecode.c.objc; path = main.m; sourceTree = "<group>"; };
		354743ED1A80F03400DFA700 /* AppDelegate.h */ = {isa = PBXFileReference; lastKnownFileType = sourcecode.c.h; path = AppDelegate.h; sourceTree = "<group>"; };
		354743EE1A80F03400DFA700 /* AppDelegate.m */ = {isa = PBXFileReference; lastKnownFileType = sourcecode.c.objc; path = AppDelegate.m; sourceTree = "<group>"; };
		354743F01A80F03400DFA700 /* ViewController.h */ = {isa = PBXFileReference; lastKnownFileType = sourcecode.c.h; path = ViewController.h; sourceTree = "<group>"; };
		354743F11A80F03400DFA700 /* ViewController.m */ = {isa = PBXFileReference; lastKnownFileType = sourcecode.c.objc; path = ViewController.m; sourceTree = "<group>"; };
		354743F41A80F03400DFA700 /* Base */ = {isa = PBXFileReference; lastKnownFileType = file.storyboard; name = Base; path = Base.lproj/Main.storyboard; sourceTree = "<group>"; };
		354743F61A80F03400DFA700 /* Images.xcassets */ = {isa = PBXFileReference; lastKnownFileType = folder.assetcatalog; path = Images.xcassets; sourceTree = "<group>"; };
		354743F91A80F03400DFA700 /* Base */ = {isa = PBXFileReference; lastKnownFileType = file.xib; name = Base; path = Base.lproj/LaunchScreen.xib; sourceTree = "<group>"; };
		354743FF1A80F03400DFA700 /* LxLabelDemoTests.xctest */ = {isa = PBXFileReference; explicitFileType = wrapper.cfbundle; includeInIndex = 0; path = LxLabelDemoTests.xctest; sourceTree = BUILT_PRODUCTS_DIR; };
		354744041A80F03400DFA700 /* Info.plist */ = {isa = PBXFileReference; lastKnownFileType = text.plist.xml; path = Info.plist; sourceTree = "<group>"; };
		354744051A80F03400DFA700 /* LxLabelDemoTests.m */ = {isa = PBXFileReference; lastKnownFileType = sourcecode.c.objc; path = LxLabelDemoTests.m; sourceTree = "<group>"; };
		35705E281A81D68C00C2C35E /* LxLabel.h */ = {isa = PBXFileReference; fileEncoding = 4; lastKnownFileType = sourcecode.c.h; name = LxLabel.h; path = ../../LxLabel/LxLabel.h; sourceTree = "<group>"; };
		35705E291A81D68C00C2C35E /* LxLabel.m */ = {isa = PBXFileReference; fileEncoding = 4; lastKnownFileType = sourcecode.c.objc; name = LxLabel.m; path = ../../LxLabel/LxLabel.m; sourceTree = "<group>"; };
/* End PBXFileReference section */

/* Begin PBXFrameworksBuildPhase section */
		354743E31A80F03400DFA700 /* Frameworks */ = {
			isa = PBXFrameworksBuildPhase;
			buildActionMask = 2147483647;
			files = (
			);
			runOnlyForDeploymentPostprocessing = 0;
		};
		354743FC1A80F03400DFA700 /* Frameworks */ = {
			isa = PBXFrameworksBuildPhase;
			buildActionMask = 2147483647;
			files = (
			);
			runOnlyForDeploymentPostprocessing = 0;
		};
/* End PBXFrameworksBuildPhase section */

/* Begin PBXGroup section */
		354743DD1A80F03400DFA700 = {
			isa = PBXGroup;
			children = (
				354743E81A80F03400DFA700 /* LxLabelDemo */,
				354744021A80F03400DFA700 /* LxLabelDemoTests */,
				354743E71A80F03400DFA700 /* Products */,
			);
			sourceTree = "<group>";
		};
		354743E71A80F03400DFA700 /* Products */ = {
			isa = PBXGroup;
			children = (
				354743E61A80F03400DFA700 /* LxLabelDemo.app */,
				354743FF1A80F03400DFA700 /* LxLabelDemoTests.xctest */,
			);
			name = Products;
			sourceTree = "<group>";
		};
		354743E81A80F03400DFA700 /* LxLabelDemo */ = {
			isa = PBXGroup;
			children = (
				35705E271A81D68100C2C35E /* LxLabel */,
				354743ED1A80F03400DFA700 /* AppDelegate.h */,
				354743EE1A80F03400DFA700 /* AppDelegate.m */,
				354743F01A80F03400DFA700 /* ViewController.h */,
				354743F11A80F03400DFA700 /* ViewController.m */,
				354743F31A80F03400DFA700 /* Main.storyboard */,
				354743F61A80F03400DFA700 /* Images.xcassets */,
				354743F81A80F03400DFA700 /* LaunchScreen.xib */,
				354743E91A80F03400DFA700 /* Supporting Files */,
			);
			path = LxLabelDemo;
			sourceTree = "<group>";
		};
		354743E91A80F03400DFA700 /* Supporting Files */ = {
			isa = PBXGroup;
			children = (
				354743EA1A80F03400DFA700 /* Info.plist */,
				354743EB1A80F03400DFA700 /* main.m */,
			);
			name = "Supporting Files";
			sourceTree = "<group>";
		};
		354744021A80F03400DFA700 /* LxLabelDemoTests */ = {
			isa = PBXGroup;
			children = (
				354744051A80F03400DFA700 /* LxLabelDemoTests.m */,
				354744031A80F03400DFA700 /* Supporting Files */,
			);
			path = LxLabelDemoTests;
			sourceTree = "<group>";
		};
		354744031A80F03400DFA700 /* Supporting Files */ = {
			isa = PBXGroup;
			children = (
				354744041A80F03400DFA700 /* Info.plist */,
			);
			name = "Supporting Files";
			sourceTree = "<group>";
		};
		35705E271A81D68100C2C35E /* LxLabel */ = {
			isa = PBXGroup;
			children = (
				35705E281A81D68C00C2C35E /* LxLabel.h */,
				35705E291A81D68C00C2C35E /* LxLabel.m */,
			);
			name = LxLabel;
			sourceTree = "<group>";
		};
/* End PBXGroup section */

/* Begin PBXNativeTarget section */
		354743E51A80F03400DFA700 /* LxLabelDemo */ = {
			isa = PBXNativeTarget;
			buildConfigurationList = 354744091A80F03400DFA700 /* Build configuration list for PBXNativeTarget "LxLabelDemo" */;
			buildPhases = (
				354743E21A80F03400DFA700 /* Sources */,
				354743E31A80F03400DFA700 /* Frameworks */,
				354743E41A80F03400DFA700 /* Resources */,
			);
			buildRules = (
			);
			dependencies = (
			);
			name = LxLabelDemo;
			productName = LxLabelDemo;
			productReference = 354743E61A80F03400DFA700 /* LxLabelDemo.app */;
			productType = "com.apple.product-type.application";
		};
		354743FE1A80F03400DFA700 /* LxLabelDemoTests */ = {
			isa = PBXNativeTarget;
			buildConfigurationList = 3547440C1A80F03400DFA700 /* Build configuration list for PBXNativeTarget "LxLabelDemoTests" */;
			buildPhases = (
				354743FB1A80F03400DFA700 /* Sources */,
				354743FC1A80F03400DFA700 /* Frameworks */,
				354743FD1A80F03400DFA700 /* Resources */,
			);
			buildRules = (
			);
			dependencies = (
				354744011A80F03400DFA700 /* PBXTargetDependency */,
			);
			name = LxLabelDemoTests;
			productName = LxLabelDemoTests;
			productReference = 354743FF1A80F03400DFA700 /* LxLabelDemoTests.xctest */;
			productType = "com.apple.product-type.bundle.unit-test";
		};
/* End PBXNativeTarget section */

/* Begin PBXProject section */
		354743DE1A80F03400DFA700 /* Project object */ = {
			isa = PBXProject;
			attributes = {
				LastUpgradeCheck = 0610;
				ORGANIZATIONNAME = "Gener-health-li.x";
				TargetAttributes = {
					354743E51A80F03400DFA700 = {
						CreatedOnToolsVersion = 6.1.1;
					};
					354743FE1A80F03400DFA700 = {
						CreatedOnToolsVersion = 6.1.1;
						TestTargetID = 354743E51A80F03400DFA700;
					};
				};
			};
			buildConfigurationList = 354743E11A80F03400DFA700 /* Build configuration list for PBXProject "LxLabelDemo" */;
			compatibilityVersion = "Xcode 3.2";
			developmentRegion = English;
			hasScannedForEncodings = 0;
			knownRegions = (
				en,
				Base,
			);
			mainGroup = 354743DD1A80F03400DFA700;
			productRefGroup = 354743E71A80F03400DFA700 /* Products */;
			projectDirPath = "";
			projectRoot = "";
			targets = (
				354743E51A80F03400DFA700 /* LxLabelDemo */,
				354743FE1A80F03400DFA700 /* LxLabelDemoTests */,
			);
		};
/* End PBXProject section */

/* Begin PBXResourcesBuildPhase section */
		354743E41A80F03400DFA700 /* Resources */ = {
			isa = PBXResourcesBuildPhase;
			buildActionMask = 2147483647;
			files = (
				354743F51A80F03400DFA700 /* Main.storyboard in Resources */,
				354743FA1A80F03400DFA700 /* LaunchScreen.xib in Resources */,
				354743F71A80F03400DFA700 /* Images.xcassets in Resources */,
			);
			runOnlyForDeploymentPostprocessing = 0;
		};
		354743FD1A80F03400DFA700 /* Resources */ = {
			isa = PBXResourcesBuildPhase;
			buildActionMask = 2147483647;
			files = (
			);
			runOnlyForDeploymentPostprocessing = 0;
		};
/* End PBXResourcesBuildPhase section */

/* Begin PBXSourcesBuildPhase section */
		354743E21A80F03400DFA700 /* Sources */ = {
			isa = PBXSourcesBuildPhase;
			buildActionMask = 2147483647;
			files = (
				35705E2A1A81D68C00C2C35E /* LxLabel.m in Sources */,
				354743F21A80F03400DFA700 /* ViewController.m in Sources */,
				354743EF1A80F03400DFA700 /* AppDelegate.m in Sources */,
				354743EC1A80F03400DFA700 /* main.m in Sources */,
			);
			runOnlyForDeploymentPostprocessing = 0;
		};
		354743FB1A80F03400DFA700 /* Sources */ = {
			isa = PBXSourcesBuildPhase;
			buildActionMask = 2147483647;
			files = (
				354744061A80F03400DFA700 /* LxLabelDemoTests.m in Sources */,
			);
			runOnlyForDeploymentPostprocessing = 0;
		};
/* End PBXSourcesBuildPhase section */

/* Begin PBXTargetDependency section */
		354744011A80F03400DFA700 /* PBXTargetDependency */ = {
			isa = PBXTargetDependency;
			target = 354743E51A80F03400DFA700 /* LxLabelDemo */;
			targetProxy = 354744001A80F03400DFA700 /* PBXContainerItemProxy */;
		};
/* End PBXTargetDependency section */

/* Begin PBXVariantGroup section */
		354743F31A80F03400DFA700 /* Main.storyboard */ = {
			isa = PBXVariantGroup;
			children = (
				354743F41A80F03400DFA700 /* Base */,
			);
			name = Main.storyboard;
			sourceTree = "<group>";
		};
		354743F81A80F03400DFA700 /* LaunchScreen.xib */ = {
			isa = PBXVariantGroup;
			children = (
				354743F91A80F03400DFA700 /* Base */,
			);
			name = LaunchScreen.xib;
			sourceTree = "<group>";
		};
/* End PBXVariantGroup section */

/* Begin XCBuildConfiguration section */
		354744071A80F03400DFA700 /* Debug */ = {
			isa = XCBuildConfiguration;
			buildSettings = {
				ALWAYS_SEARCH_USER_PATHS = NO;
				CLANG_CXX_LANGUAGE_STANDARD = "gnu++0x";
				CLANG_CXX_LIBRARY = "libc++";
				CLANG_ENABLE_MODULES = YES;
				CLANG_ENABLE_OBJC_ARC = YES;
				CLANG_WARN_BOOL_CONVERSION = YES;
				CLANG_WARN_CONSTANT_CONVERSION = YES;
				CLANG_WARN_DIRECT_OBJC_ISA_USAGE = YES_ERROR;
				CLANG_WARN_EMPTY_BODY = YES;
				CLANG_WARN_ENUM_CONVERSION = YES;
				CLANG_WARN_INT_CONVERSION = YES;
				CLANG_WARN_OBJC_ROOT_CLASS = YES_ERROR;
				CLANG_WARN_UNREACHABLE_CODE = YES;
				CLANG_WARN__DUPLICATE_METHOD_MATCH = YES;
				"CODE_SIGN_IDENTITY[sdk=iphoneos*]" = "iPhone Developer";
				COPY_PHASE_STRIP = NO;
				ENABLE_STRICT_OBJC_MSGSEND = YES;
				GCC_C_LANGUAGE_STANDARD = gnu99;
				GCC_DYNAMIC_NO_PIC = NO;
				GCC_OPTIMIZATION_LEVEL = 0;
				GCC_PREPROCESSOR_DEFINITIONS = (
					"DEBUG=1",
					"$(inherited)",
				);
				GCC_SYMBOLS_PRIVATE_EXTERN = NO;
				GCC_WARN_64_TO_32_BIT_CONVERSION = YES;
				GCC_WARN_ABOUT_RETURN_TYPE = YES_ERROR;
				GCC_WARN_UNDECLARED_SELECTOR = YES;
				GCC_WARN_UNINITIALIZED_AUTOS = YES_AGGRESSIVE;
				GCC_WARN_UNUSED_FUNCTION = YES;
				GCC_WARN_UNUSED_VARIABLE = YES;
				IPHONEOS_DEPLOYMENT_TARGET = 8.1;
				MTL_ENABLE_DEBUG_INFO = YES;
				ONLY_ACTIVE_ARCH = YES;
				SDKROOT = iphoneos;
				TARGETED_DEVICE_FAMILY = "1,2";
			};
			name = Debug;
		};
		354744081A80F03400DFA700 /* Release */ = {
			isa = XCBuildConfiguration;
			buildSettings = {
				ALWAYS_SEARCH_USER_PATHS = NO;
				CLANG_CXX_LANGUAGE_STANDARD = "gnu++0x";
				CLANG_CXX_LIBRARY = "libc++";
				CLANG_ENABLE_MODULES = YES;
				CLANG_ENABLE_OBJC_ARC = YES;
				CLANG_WARN_BOOL_CONVERSION = YES;
				CLANG_WARN_CONSTANT_CONVERSION = YES;
				CLANG_WARN_DIRECT_OBJC_ISA_USAGE = YES_ERROR;
				CLANG_WARN_EMPTY_BODY = YES;
				CLANG_WARN_ENUM_CONVERSION = YES;
				CLANG_WARN_INT_CONVERSION = YES;
				CLANG_WARN_OBJC_ROOT_CLASS = YES_ERROR;
				CLANG_WARN_UNREACHABLE_CODE = YES;
				CLANG_WARN__DUPLICATE_METHOD_MATCH = YES;
				"CODE_SIGN_IDENTITY[sdk=iphoneos*]" = "iPhone Developer";
				COPY_PHASE_STRIP = YES;
				ENABLE_NS_ASSERTIONS = NO;
				ENABLE_STRICT_OBJC_MSGSEND = YES;
				GCC_C_LANGUAGE_STANDARD = gnu99;
				GCC_WARN_64_TO_32_BIT_CONVERSION = YES;
				GCC_WARN_ABOUT_RETURN_TYPE = YES_ERROR;
				GCC_WARN_UNDECLARED_SELECTOR = YES;
				GCC_WARN_UNINITIALIZED_AUTOS = YES_AGGRESSIVE;
				GCC_WARN_UNUSED_FUNCTION = YES;
				GCC_WARN_UNUSED_VARIABLE = YES;
				IPHONEOS_DEPLOYMENT_TARGET = 8.1;
				MTL_ENABLE_DEBUG_INFO = NO;
				SDKROOT = iphoneos;
				TARGETED_DEVICE_FAMILY = "1,2";
				VALIDATE_PRODUCT = YES;
			};
			name = Release;
		};
		3547440A1A80F03400DFA700 /* Debug */ = {
			isa = XCBuildConfiguration;
			buildSettings = {
				ASSETCATALOG_COMPILER_APPICON_NAME = AppIcon;
				INFOPLIST_FILE = LxLabelDemo/Info.plist;
				LD_RUNPATH_SEARCH_PATHS = "$(inherited) @executable_path/Frameworks";
				PRODUCT_NAME = "$(TARGET_NAME)";
			};
			name = Debug;
		};
		3547440B1A80F03400DFA700 /* Release */ = {
			isa = XCBuildConfiguration;
			buildSettings = {
				ASSETCATALOG_COMPILER_APPICON_NAME = AppIcon;
				INFOPLIST_FILE = LxLabelDemo/Info.plist;
				LD_RUNPATH_SEARCH_PATHS = "$(inherited) @executable_path/Frameworks";
				PRODUCT_NAME = "$(TARGET_NAME)";
			};
			name = Release;
		};
		3547440D1A80F03400DFA700 /* Debug */ = {
			isa = XCBuildConfiguration;
			buildSettings = {
				BUNDLE_LOADER = "$(TEST_HOST)";
				FRAMEWORK_SEARCH_PATHS = (
					"$(SDKROOT)/Developer/Library/Frameworks",
					"$(inherited)",
				);
				GCC_PREPROCESSOR_DEFINITIONS = (
					"DEBUG=1",
					"$(inherited)",
				);
				INFOPLIST_FILE = LxLabelDemoTests/Info.plist;
				LD_RUNPATH_SEARCH_PATHS = "$(inherited) @executable_path/Frameworks @loader_path/Frameworks";
				PRODUCT_NAME = "$(TARGET_NAME)";
				TEST_HOST = "$(BUILT_PRODUCTS_DIR)/LxLabelDemo.app/LxLabelDemo";
			};
			name = Debug;
		};
		3547440E1A80F03400DFA700 /* Release */ = {
			isa = XCBuildConfiguration;
			buildSettings = {
				BUNDLE_LOADER = "$(TEST_HOST)";
				FRAMEWORK_SEARCH_PATHS = (
					"$(SDKROOT)/Developer/Library/Frameworks",
					"$(inherited)",
				);
				INFOPLIST_FILE = LxLabelDemoTests/Info.plist;
				LD_RUNPATH_SEARCH_PATHS = "$(inherited) @executable_path/Frameworks @loader_path/Frameworks";
				PRODUCT_NAME = "$(TARGET_NAME)";
				TEST_HOST = "$(BUILT_PRODUCTS_DIR)/LxLabelDemo.app/LxLabelDemo";
			};
			name = Release;
		};
/* End XCBuildConfiguration section */

/* Begin XCConfigurationList section */
		354743E11A80F03400DFA700 /* Build configuration list for PBXProject "LxLabelDemo" */ = {
			isa = XCConfigurationList;
			buildConfigurations = (
				354744071A80F03400DFA700 /* Debug */,
				354744081A80F03400DFA700 /* Release */,
			);
			defaultConfigurationIsVisible = 0;
			defaultConfigurationName = Release;
		};
		354744091A80F03400DFA700 /* Build configuration list for PBXNativeTarget "LxLabelDemo" */ = {
			isa = XCConfigurationList;
			buildConfigurations = (
				3547440A1A80F03400DFA700 /* Debug */,
				3547440B1A80F03400DFA700 /* Release */,
			);
			defaultConfigurationIsVisible = 0;
			defaultConfigurationName = Release;
		};
		3547440C1A80F03400DFA700 /* Build configuration list for PBXNativeTarget "LxLabelDemoTests" */ = {
			isa = XCConfigurationList;
			buildConfigurations = (
				3547440D1A80F03400DFA700 /* Debug */,
				3547440E1A80F03400DFA700 /* Release */,
			);
			defaultConfigurationIsVisible = 0;
			defaultConfigurationName = Release;
		};
/* End XCConfigurationList section */
	};
	rootObject = 354743DE1A80F03400DFA700 /* Project object */;
}
